{
  "name": "Scouting360",
  "lockfileVersion": 3,
  "requires": true,
  "packages": {
    "": {
      "dependencies": {
        "mercadopago": "^3.2.1",
        "stripe": "^22.4.0"
      }
    },
    "node_modules/mercadopago": {
      "version": "3.2.1",
      "resolved": "https://registry.npmjs.org/mercadopago/-/mercadopago-3.2.1.tgz",
      "integrity": "sha512-CFKq5H4XCL8xiLcsFbW84uGZPYnIpE2IRWlDGSHLQf3rszSiHRleWrrg7KG486B46GpJ0gzhvGMdWVwsNKTvFg==",
      "engines": {
        "node": ">=18"
      }
    },
    "node_modules/stripe": {
      "version": "22.4.0",
      "resolved": "https://registry.npmjs.org/stripe/-/stripe-22.4.0.tgz",
      "integrity": "sha512-LVJ+tcSYeqOSnXr3i+Kz2tZ7y0crLLdP2uwD/4wccrmEVyn0g/Heo0pF7as7rxS/sOjJzrb1lxgZY0Y0Dx1pSA==",
      "license": "MIT",
      "engines": {
        "node": ">=18"
      },
      "peerDependencies": {
        "@types/node": ">=18"
      },
      "peerDependenciesMeta": {
        "@types/node": {
          "optional": true
        }
      }
    }
  }
}
